
Microsoft Visual Studio Solution File, Format Version 12.00
# Visual Studio Version 17
VisualStudioVersion = 17.9.34728.123
MinimumVisualStudioVersion = 10.0.40219.1
Project("{FAE04EC0-301F-11D3-BF4B-00C04F79EFBC}") = "Shape area calculator", "Shape area calculator\Shape area calculator.csproj", "{DD181896-697E-4CF0-BB39-BAA90A82E38E}"
EndProject
Global
	GlobalSection(SolutionConfigurationPlatforms) = preSolution
		Debug|Any CPU = Debug|Any CPU
		Release|Any CPU = Release|Any CPU
	EndGlobalSection
	GlobalSection(ProjectConfigurationPlatforms) = postSolution
		{DD181896-697E-4CF0-BB39-BAA90A82E38E}.Debug|Any CPU.ActiveCfg = Debug|Any CPU
		{DD181896-697E-4CF0-BB39-BAA90A82E38E}.Debug|Any CPU.Build.0 = Debug|Any CPU
		{DD181896-697E-4CF0-BB39-BAA90A82E38E}.Release|Any CPU.ActiveCfg = Release|Any CPU
		{DD181896-697E-4CF0-BB39-BAA90A82E38E}.Release|Any CPU.Build.0 = Release|Any CPU
	EndGlobalSection
	GlobalSection(SolutionProperties) = preSolution
		HideSolutionNode = FALSE
	EndGlobalSection
	GlobalSection(ExtensibilityGlobals) = postSolution
		SolutionGuid = {EF3CD5EE-7A3A-4FB7-AE8C-ED44AA1F2D3F}
	EndGlobalSection
EndGlobal
